
Microsoft Visual Studio Solution File, Format Version 12.00
# Visual Studio Version 17
VisualStudioVersion = 17.3.32929.385
MinimumVisualStudioVersion = 10.0.40219.1
Project("{9A19103F-16F7-4668-BE54-9A1E7A4F7556}") = "UCLStudievejlederApp", "UCLStudievejlederApp\UCLStudievejlederApp.csproj", "{F7B54D26-AB9A-4C70-96B2-3FA416E183E3}"
EndProject
Project("{9A19103F-16F7-4668-BE54-9A1E7A4F7556}") = "UCLDataConsole", "UCLDataConsole\UCLDataConsole.csproj", "{C7CCF1D8-1BED-4E8F-ACE6-FD51E140A8C0}"
EndProject
Project("{FAE04EC0-301F-11D3-BF4B-00C04F79EFBC}") = "DatabaseAccess", "DatabaseAccess\DatabaseAccess.csproj", "{DBAFDDCF-6FE9-4FB2-96AA-09742D521E16}"
EndProject
Global
	GlobalSection(SolutionConfigurationPlatforms) = preSolution
		Debug|Any CPU = Debug|Any CPU
		Release|Any CPU = Release|Any CPU
	EndGlobalSection
	GlobalSection(ProjectConfigurationPlatforms) = postSolution
		{F7B54D26-AB9A-4C70-96B2-3FA416E183E3}.Debug|Any CPU.ActiveCfg = Debug|Any CPU
		{F7B54D26-AB9A-4C70-96B2-3FA416E183E3}.Debug|Any CPU.Build.0 = Debug|Any CPU
		{F7B54D26-AB9A-4C70-96B2-3FA416E183E3}.Release|Any CPU.ActiveCfg = Release|Any CPU
		{F7B54D26-AB9A-4C70-96B2-3FA416E183E3}.Release|Any CPU.Build.0 = Release|Any CPU
		{C7CCF1D8-1BED-4E8F-ACE6-FD51E140A8C0}.Debug|Any CPU.ActiveCfg = Debug|Any CPU
		{C7CCF1D8-1BED-4E8F-ACE6-FD51E140A8C0}.Debug|Any CPU.Build.0 = Debug|Any CPU
		{C7CCF1D8-1BED-4E8F-ACE6-FD51E140A8C0}.Release|Any CPU.ActiveCfg = Release|Any CPU
		{C7CCF1D8-1BED-4E8F-ACE6-FD51E140A8C0}.Release|Any CPU.Build.0 = Release|Any CPU
		{DBAFDDCF-6FE9-4FB2-96AA-09742D521E16}.Debug|Any CPU.ActiveCfg = Debug|Any CPU
		{DBAFDDCF-6FE9-4FB2-96AA-09742D521E16}.Debug|Any CPU.Build.0 = Debug|Any CPU
		{DBAFDDCF-6FE9-4FB2-96AA-09742D521E16}.Release|Any CPU.ActiveCfg = Release|Any CPU
		{DBAFDDCF-6FE9-4FB2-96AA-09742D521E16}.Release|Any CPU.Build.0 = Release|Any CPU
	EndGlobalSection
	GlobalSection(SolutionProperties) = preSolution
		HideSolutionNode = FALSE
	EndGlobalSection
	GlobalSection(ExtensibilityGlobals) = postSolution
		SolutionGuid = {AD9A9292-3B9D-405D-9673-2DF7496BD079}
	EndGlobalSection
EndGlobal
